
Microsoft Visual Studio Solution File, Format Version 12.00
# Visual Studio Version 16
VisualStudioVersion = 16.0.31624.102
MinimumVisualStudioVersion = 10.0.40219.1
Project("{FAE04EC0-301F-11D3-BF4B-00C04F79EFBC}") = "ServiceDependencyInjection", "ServiceDependencyInjection\ServiceDependencyInjection.csproj", "{C5351A30-DE5B-4385-BFFE-514B048497C3}"
EndProject
Project("{FAE04EC0-301F-11D3-BF4B-00C04F79EFBC}") = "Core", "Core\Core.csproj", "{16B46B78-B32B-4A3C-BBB2-2AD7A634E66E}"
EndProject
Project("{FAE04EC0-301F-11D3-BF4B-00C04F79EFBC}") = "Domain", "Domain\Domain.csproj", "{148A3AEC-E109-42AF-8D15-BBE9320F9064}"
EndProject
Project("{2150E333-8FDC-42A3-9474-1A3956D46DE8}") = "App", "App", "{640259E2-0FAA-41AD-A520-EB4D4E8D9091}"
EndProject
Global
	GlobalSection(SolutionConfigurationPlatforms) = preSolution
		Debug|Any CPU = Debug|Any CPU
		Release|Any CPU = Release|Any CPU
	EndGlobalSection
	GlobalSection(ProjectConfigurationPlatforms) = postSolution
		{C5351A30-DE5B-4385-BFFE-514B048497C3}.Debug|Any CPU.ActiveCfg = Debug|Any CPU
		{C5351A30-DE5B-4385-BFFE-514B048497C3}.Debug|Any CPU.Build.0 = Debug|Any CPU
		{C5351A30-DE5B-4385-BFFE-514B048497C3}.Release|Any CPU.ActiveCfg = Release|Any CPU
		{C5351A30-DE5B-4385-BFFE-514B048497C3}.Release|Any CPU.Build.0 = Release|Any CPU
		{16B46B78-B32B-4A3C-BBB2-2AD7A634E66E}.Debug|Any CPU.ActiveCfg = Debug|Any CPU
		{16B46B78-B32B-4A3C-BBB2-2AD7A634E66E}.Debug|Any CPU.Build.0 = Debug|Any CPU
		{16B46B78-B32B-4A3C-BBB2-2AD7A634E66E}.Release|Any CPU.ActiveCfg = Release|Any CPU
		{16B46B78-B32B-4A3C-BBB2-2AD7A634E66E}.Release|Any CPU.Build.0 = Release|Any CPU
		{148A3AEC-E109-42AF-8D15-BBE9320F9064}.Debug|Any CPU.ActiveCfg = Debug|Any CPU
		{148A3AEC-E109-42AF-8D15-BBE9320F9064}.Debug|Any CPU.Build.0 = Debug|Any CPU
		{148A3AEC-E109-42AF-8D15-BBE9320F9064}.Release|Any CPU.ActiveCfg = Release|Any CPU
		{148A3AEC-E109-42AF-8D15-BBE9320F9064}.Release|Any CPU.Build.0 = Release|Any CPU
	EndGlobalSection
	GlobalSection(SolutionProperties) = preSolution
		HideSolutionNode = FALSE
	EndGlobalSection
	GlobalSection(NestedProjects) = preSolution
		{16B46B78-B32B-4A3C-BBB2-2AD7A634E66E} = {640259E2-0FAA-41AD-A520-EB4D4E8D9091}
		{148A3AEC-E109-42AF-8D15-BBE9320F9064} = {640259E2-0FAA-41AD-A520-EB4D4E8D9091}
	EndGlobalSection
	GlobalSection(ExtensibilityGlobals) = postSolution
		SolutionGuid = {E985100D-9C96-4BE2-BE5B-2260B5DA3D16}
	EndGlobalSection
EndGlobal
